
Microsoft Visual Studio Solution File, Format Version 12.00
# Visual Studio Version 17
VisualStudioVersion = 17.7.34031.279
MinimumVisualStudioVersion = 10.0.40219.1
Project("{9A19103F-16F7-4668-BE54-9A1E7A4F7556}") = "MVCPro", "MVCPro\MVCPro.csproj", "{57690134-2D0B-4B75-8596-7A9785686978}"
	ProjectSection(ProjectDependencies) = postProject
		{6D6D51CB-1551-4DDE-92E5-A495339A4E7B} = {6D6D51CB-1551-4DDE-92E5-A495339A4E7B}
		{A626989E-FAB7-4849-B83C-E800EAE95A50} = {A626989E-FAB7-4849-B83C-E800EAE95A50}
		{B73A73A5-A1ED-4E89-84C9-D8899F11F61A} = {B73A73A5-A1ED-4E89-84C9-D8899F11F61A}
	EndProjectSection
EndProject
Project("{9A19103F-16F7-4668-BE54-9A1E7A4F7556}") = "WebRazor_Temp", "WebRazor_Temp\WebRazor_Temp.csproj", "{7FF26D31-2527-4AD5-BD43-AAE3276FBCB2}"
EndProject
Project("{9A19103F-16F7-4668-BE54-9A1E7A4F7556}") = "MVC.DataAccess", "MVC.DataAccess\MVC.DataAccess.csproj", "{A626989E-FAB7-4849-B83C-E800EAE95A50}"
EndProject
Project("{9A19103F-16F7-4668-BE54-9A1E7A4F7556}") = "MVC.Models", "MVC.Models\MVC.Models.csproj", "{6D6D51CB-1551-4DDE-92E5-A495339A4E7B}"
EndProject
Project("{9A19103F-16F7-4668-BE54-9A1E7A4F7556}") = "MVC.Utility", "MVC.Utility\MVC.Utility.csproj", "{B73A73A5-A1ED-4E89-84C9-D8899F11F61A}"
EndProject
Project("{FAE04EC0-301F-11D3-BF4B-00C04F79EFBC}") = "DI_Service_LifeTime", "DI_Service_LifeTime\DI_Service_LifeTime.csproj", "{C8E26179-1264-4AE9-858C-5BA47102CD3B}"
EndProject
Global
	GlobalSection(SolutionConfigurationPlatforms) = preSolution
		Debug|Any CPU = Debug|Any CPU
		Release|Any CPU = Release|Any CPU
	EndGlobalSection
	GlobalSection(ProjectConfigurationPlatforms) = postSolution
		{57690134-2D0B-4B75-8596-7A9785686978}.Debug|Any CPU.ActiveCfg = Debug|Any CPU
		{57690134-2D0B-4B75-8596-7A9785686978}.Debug|Any CPU.Build.0 = Debug|Any CPU
		{57690134-2D0B-4B75-8596-7A9785686978}.Release|Any CPU.ActiveCfg = Release|Any CPU
		{57690134-2D0B-4B75-8596-7A9785686978}.Release|Any CPU.Build.0 = Release|Any CPU
		{7FF26D31-2527-4AD5-BD43-AAE3276FBCB2}.Debug|Any CPU.ActiveCfg = Debug|Any CPU
		{7FF26D31-2527-4AD5-BD43-AAE3276FBCB2}.Debug|Any CPU.Build.0 = Debug|Any CPU
		{7FF26D31-2527-4AD5-BD43-AAE3276FBCB2}.Release|Any CPU.ActiveCfg = Release|Any CPU
		{7FF26D31-2527-4AD5-BD43-AAE3276FBCB2}.Release|Any CPU.Build.0 = Release|Any CPU
		{A626989E-FAB7-4849-B83C-E800EAE95A50}.Debug|Any CPU.ActiveCfg = Debug|Any CPU
		{A626989E-FAB7-4849-B83C-E800EAE95A50}.Debug|Any CPU.Build.0 = Debug|Any CPU
		{A626989E-FAB7-4849-B83C-E800EAE95A50}.Release|Any CPU.ActiveCfg = Release|Any CPU
		{A626989E-FAB7-4849-B83C-E800EAE95A50}.Release|Any CPU.Build.0 = Release|Any CPU
		{6D6D51CB-1551-4DDE-92E5-A495339A4E7B}.Debug|Any CPU.ActiveCfg = Debug|Any CPU
		{6D6D51CB-1551-4DDE-92E5-A495339A4E7B}.Debug|Any CPU.Build.0 = Debug|Any CPU
		{6D6D51CB-1551-4DDE-92E5-A495339A4E7B}.Release|Any CPU.ActiveCfg = Release|Any CPU
		{6D6D51CB-1551-4DDE-92E5-A495339A4E7B}.Release|Any CPU.Build.0 = Release|Any CPU
		{B73A73A5-A1ED-4E89-84C9-D8899F11F61A}.Debug|Any CPU.ActiveCfg = Debug|Any CPU
		{B73A73A5-A1ED-4E89-84C9-D8899F11F61A}.Debug|Any CPU.Build.0 = Debug|Any CPU
		{B73A73A5-A1ED-4E89-84C9-D8899F11F61A}.Release|Any CPU.ActiveCfg = Release|Any CPU
		{B73A73A5-A1ED-4E89-84C9-D8899F11F61A}.Release|Any CPU.Build.0 = Release|Any CPU
		{C8E26179-1264-4AE9-858C-5BA47102CD3B}.Debug|Any CPU.ActiveCfg = Debug|Any CPU
		{C8E26179-1264-4AE9-858C-5BA47102CD3B}.Debug|Any CPU.Build.0 = Debug|Any CPU
		{C8E26179-1264-4AE9-858C-5BA47102CD3B}.Release|Any CPU.ActiveCfg = Release|Any CPU
		{C8E26179-1264-4AE9-858C-5BA47102CD3B}.Release|Any CPU.Build.0 = Release|Any CPU
	EndGlobalSection
	GlobalSection(SolutionProperties) = preSolution
		HideSolutionNode = FALSE
	EndGlobalSection
	GlobalSection(ExtensibilityGlobals) = postSolution
		SolutionGuid = {137FC55D-47A4-4D4E-8F24-F83F72C11853}
	EndGlobalSection
EndGlobal
